Microsoft Visual Studio Solution File, Format Version 12.00
# Visual Studio Version 17
VisualStudioVersion = 17.5.2.0
MinimumVisualStudioVersion = 10.0.40219.1
Project("{2150E333-8FDC-42A3-9474-1A3956D46DE8}") = "workers", "workers", "{20543853-AF10-B830-2A3D-9FE9F6ECBF6C}"
EndProject
Project("{FAE04EC0-301F-11D3-BF4B-00C04F79EFBC}") = "Temporalio.Omes", "workers\dotnet\Temporalio.Omes.csproj", "{7F98BF57-747B-622F-2610-6A758E420A41}"
EndProject
Global
	GlobalSection(SolutionConfigurationPlatforms) = preSolution
		Debug|Any CPU = Debug|Any CPU
		Release|Any CPU = Release|Any CPU
	EndGlobalSection
	GlobalSection(ProjectConfigurationPlatforms) = postSolution
		{7F98BF57-747B-622F-2610-6A758E420A41}.Debug|Any CPU.ActiveCfg = Debug|Any CPU
		{7F98BF57-747B-622F-2610-6A758E420A41}.Debug|Any CPU.Build.0 = Debug|Any CPU
		{7F98BF57-747B-622F-2610-6A758E420A41}.Release|Any CPU.ActiveCfg = Release|Any CPU
		{7F98BF57-747B-622F-2610-6A758E420A41}.Release|Any CPU.Build.0 = Release|Any CPU
	EndGlobalSection
	GlobalSection(SolutionProperties) = preSolution
		HideSolutionNode = FALSE
	EndGlobalSection
	GlobalSection(NestedProjects) = preSolution
		{7F98BF57-747B-622F-2610-6A758E420A41} = {20543853-AF10-B830-2A3D-9FE9F6ECBF6C}
	EndGlobalSection
	GlobalSection(ExtensibilityGlobals) = postSolution
		SolutionGuid = {B51DF16A-989A-406A-9332-A041B111B0CA}
	EndGlobalSection
EndGlobal
