version = 1
revision = 3
requires-python = ">=3.10, <4"

[[package]]
name = "nexus-rpc"
version = "1.2.0"
source = { registry = "https://pypi.org/simple" }
dependencies = [
    { name = "typing-extensions" },
]
sdist = { url = "https://files.pythonhosted.org/packages/06/50/95d7bc91f900da5e22662c82d9bf0f72a4b01f2a552708bf2f43807707a1/nexus_rpc-1.2.0.tar.gz", hash = "sha256:b4ddaffa4d3996aaeadf49b80dfcdfbca48fe4cb616defaf3b3c5c2c8fc61890", size = 74142, upload-time = "2025-11-17T19:17:06.798Z" }
wheels = [
    { url = "https://files.pythonhosted.org/packages/13/04/eaac430d0e6bf21265ae989427d37e94be5e41dc216879f1fbb6c5339942/nexus_rpc-1.2.0-py3-none-any.whl", hash = "sha256:977876f3af811ad1a09b2961d3d1ac9233bda43ff0febbb0c9906483b9d9f8a3", size = 28166, upload-time = "2025-11-17T19:17:05.64Z" },
]

[[package]]
name = "protobuf"
version = "6.33.4"
source = { registry = "https://pypi.org/simple" }
sdist = { url = "https://files.pythonhosted.org/packages/53/b8/cda15d9d46d03d4aa3a67cb6bffe05173440ccf86a9541afaf7ac59a1b6b/protobuf-6.33.4.tar.gz", hash = "sha256:dc2e61bca3b10470c1912d166fe0af67bfc20eb55971dcef8dfa48ce14f0ed91", size = 444346, upload-time = "2026-01-12T18:33:40.109Z" }
wheels = [
    { url = "https://files.pythonhosted.org/packages/e0/be/24ef9f3095bacdf95b458543334d0c4908ccdaee5130420bf064492c325f/protobuf-6.33.4-cp310-abi3-win32.whl", hash = "sha256:918966612c8232fc6c24c78e1cd89784307f5814ad7506c308ee3cf86662850d", size = 425612, upload-time = "2026-01-12T18:33:29.656Z" },
    { url = "https://files.pythonhosted.org/packages/31/ad/e5693e1974a28869e7cd244302911955c1cebc0161eb32dfa2b25b6e96f0/protobuf-6.33.4-cp310-abi3-win_amd64.whl", hash = "sha256:8f11ffae31ec67fc2554c2ef891dcb561dae9a2a3ed941f9e134c2db06657dbc", size = 436962, upload-time = "2026-01-12T18:33:31.345Z" },
    { url = "https://files.pythonhosted.org/packages/66/15/6ee23553b6bfd82670207ead921f4d8ef14c107e5e11443b04caeb5ab5ec/protobuf-6.33.4-cp39-abi3-macosx_10_9_universal2.whl", hash = "sha256:2fe67f6c014c84f655ee06f6f66213f9254b3a8b6bda6cda0ccd4232c73c06f0", size = 427612, upload-time = "2026-01-12T18:33:32.646Z" },
    { url = "https://files.pythonhosted.org/packages/2b/48/d301907ce6d0db75f959ca74f44b475a9caa8fcba102d098d3c3dd0f2d3f/protobuf-6.33.4-cp39-abi3-manylinux2014_aarch64.whl", hash = "sha256:757c978f82e74d75cba88eddec479df9b99a42b31193313b75e492c06a51764e", size = 324484, upload-time = "2026-01-12T18:33:33.789Z" },
    { url = "https://files.pythonhosted.org/packages/92/1c/e53078d3f7fe710572ab2dcffd993e1e3b438ae71cfc031b71bae44fcb2d/protobuf-6.33.4-cp39-abi3-manylinux2014_s390x.whl", hash = "sha256:c7c64f259c618f0bef7bee042075e390debbf9682334be2b67408ec7c1c09ee6", size = 339256, upload-time = "2026-01-12T18:33:35.231Z" },
    { url = "https://files.pythonhosted.org/packages/e8/8e/971c0edd084914f7ee7c23aa70ba89e8903918adca179319ee94403701d5/protobuf-6.33.4-cp39-abi3-manylinux2014_x86_64.whl", hash = "sha256:3df850c2f8db9934de4cf8f9152f8dc2558f49f298f37f90c517e8e5c84c30e9", size = 323311, upload-time = "2026-01-12T18:33:36.305Z" },
    { url = "https://files.pythonhosted.org/packages/75/b1/1dc83c2c661b4c62d56cc081706ee33a4fc2835bd90f965baa2663ef7676/protobuf-6.33.4-py3-none-any.whl", hash = "sha256:1fe3730068fcf2e595816a6c34fe66eeedd37d51d0400b72fabc848811fdc1bc", size = 170532, upload-time = "2026-01-12T18:33:39.199Z" },
]

[[package]]
name = "python-dateutil"
version = "2.9.0.post0"
source = { registry = "https://pypi.org/simple" }
dependencies = [
    { name = "six" },
]
sdist = { url = "https://files.pythonhosted.org/packages/66/c0/0c8b6ad9f17a802ee498c46e004a0eb49bc148f2fd230864601a86dcf6db/python-dateutil-2.9.0.post0.tar.gz", hash = "sha256:37dd54208da7e1cd875388217d5e00ebd4179249f90fb72437e91a35459a0ad3", size = 342432, upload-time = "2024-03-01T18:36:20.211Z" }
wheels = [
    { url = "https://files.pythonhosted.org/packages/ec/57/56b9bcc3c9c6a792fcbaf139543cee77261f3651ca9da0c93f5c1221264b/python_dateutil-2.9.0.post0-py2.py3-none-any.whl", hash = "sha256:a8b2bc7bffae282281c8140a97d3aa9c14da0b136dfe83f850eea9a5f7470427", size = 229892, upload-time = "2024-03-01T18:36:18.57Z" },
]

[[package]]
name = "python-program-program-2396686490"
version = "0.1.0"
source = { virtual = "." }
dependencies = [
    { name = "temporalio" },
]

[package.metadata]
requires-dist = [{ name = "temporalio", path = "../../../../../../sdk-python/dist/temporalio-1.20.0-cp310-abi3-macosx_11_0_arm64.whl" }]

[[package]]
name = "six"
version = "1.17.0"
source = { registry = "https://pypi.org/simple" }
sdist = { url = "https://files.pythonhosted.org/packages/94/e7/b2c673351809dca68a0e064b6af791aa332cf192da575fd474ed7d6f16a2/six-1.17.0.tar.gz", hash = "sha256:ff70335d468e7eb6ec65b95b99d3a2836546063f63acc5171de367e834932a81", size = 34031, upload-time = "2024-12-04T17:35:28.174Z" }
wheels = [
    { url = "https://files.pythonhosted.org/packages/b7/ce/149a00dd41f10bc29e5921b496af8b574d8413afcd5e30dfa0ed46c2cc5e/six-1.17.0-py2.py3-none-any.whl", hash = "sha256:4721f391ed90541fddacab5acf947aa0d3dc7d27b2e1e8eda2be8970586c3274", size = 11050, upload-time = "2024-12-04T17:35:26.475Z" },
]

[[package]]
name = "temporalio"
version = "1.20.0"
source = { path = "../../../../../../sdk-python/dist/temporalio-1.20.0-cp310-abi3-macosx_11_0_arm64.whl" }
dependencies = [
    { name = "nexus-rpc" },
    { name = "protobuf" },
    { name = "python-dateutil", marker = "python_full_version < '3.11'" },
    { name = "types-protobuf" },
    { name = "typing-extensions" },
]
wheels = [
    { filename = "temporalio-1.20.0-cp310-abi3-macosx_11_0_arm64.whl", hash = "sha256:69d32676c4f576bfb3b61391d131527718fc6f7e1c71cd9f0ef79d1b873c2cf6" },
]

[package.metadata]
requires-dist = [
    { name = "grpcio", marker = "extra == 'grpc'", specifier = ">=1.48.2,<2" },
    { name = "mcp", marker = "extra == 'openai-agents'", specifier = ">=1.9.4,<2" },
    { name = "nexus-rpc", specifier = "==1.2.0" },
    { name = "openai-agents", marker = "extra == 'openai-agents'", specifier = ">=0.3,<0.5" },
    { name = "opentelemetry-api", marker = "extra == 'opentelemetry'", specifier = ">=1.11.1,<2" },
    { name = "opentelemetry-sdk", marker = "extra == 'opentelemetry'", specifier = ">=1.11.1,<2" },
    { name = "protobuf", specifier = ">=3.20,<7.0.0" },
    { name = "pydantic", marker = "extra == 'pydantic'", specifier = ">=2.0.0,<3" },
    { name = "python-dateutil", marker = "python_full_version < '3.11'", specifier = ">=2.8.2,<3" },
    { name = "types-protobuf", specifier = ">=3.20" },
    { name = "typing-extensions", specifier = ">=4.2.0,<5" },
]
provides-extras = ["grpc", "openai-agents", "opentelemetry", "pydantic"]

[[package]]
name = "types-protobuf"
version = "6.32.1.20251210"
source = { registry = "https://pypi.org/simple" }
sdist = { url = "https://files.pythonhosted.org/packages/c2/59/c743a842911887cd96d56aa8936522b0cd5f7a7f228c96e81b59fced45be/types_protobuf-6.32.1.20251210.tar.gz", hash = "sha256:c698bb3f020274b1a2798ae09dc773728ce3f75209a35187bd11916ebfde6763", size = 63900, upload-time = "2025-12-10T03:14:25.451Z" }
wheels = [
    { url = "https://files.pythonhosted.org/packages/aa/43/58e75bac4219cbafee83179505ff44cae3153ec279be0e30583a73b8f108/types_protobuf-6.32.1.20251210-py3-none-any.whl", hash = "sha256:2641f78f3696822a048cfb8d0ff42ccd85c25f12f871fbebe86da63793692140", size = 77921, upload-time = "2025-12-10T03:14:24.477Z" },
]

[[package]]
name = "typing-extensions"
version = "4.15.0"
source = { registry = "https://pypi.org/simple" }
sdist = { url = "https://files.pythonhosted.org/packages/72/94/1a15dd82efb362ac84269196e94cf00f187f7ed21c242792a923cdb1c61f/typing_extensions-4.15.0.tar.gz", hash = "sha256:0cea48d173cc12fa28ecabc3b837ea3cf6f38c6d1136f85cbaaf598984861466", size = 109391, upload-time = "2025-08-25T13:49:26.313Z" }
wheels = [
    { url = "https://files.pythonhosted.org/packages/18/67/36e9267722cc04a6b9f15c7f3441c2363321a3ea07da7ae0c0707beb2a9c/typing_extensions-4.15.0-py3-none-any.whl", hash = "sha256:f0fa19c6845758ab08074a0cfa8b7aecb71c999ca73d62883bc25cc018c4e548", size = 44614, upload-time = "2025-08-25T13:49:24.86Z" },
]
