# Generated by buf. DO NOT EDIT.
version: v1
deps:
  - remote: buf.build
    owner: googleapis
    repository: googleapis
    commit: 61b203b9a9164be9a834f58c37be6f62
    digest: shake256:e619113001d6e284ee8a92b1561e5d4ea89a47b28bf0410815cb2fa23914df8be9f1a6a98dcf069f5bc2d829a2cfb1ac614863be45cd4f8a5ad8606c5f200224
  - remote: buf.build
    owner: temporalio
    repository: api
    commit: 2f5f8f93f6ea4838aafd5fe96a22802d
    digest: shake256:16a47a6acdada3e5c6f5a801c4f4f8315d830f0f157f04a78c6ebd6d8f7cdeb42213376c0c1f0ef934a7ad24ad6c807fdd812176b383211d32843bf77a3b4a69
